
Microsoft Visual Studio Solution File, Format Version 12.00
# Visual Studio Version 17
VisualStudioVersion = 17.9.34622.214
MinimumVisualStudioVersion = 10.0.40219.1
Project("{FAE04EC0-301F-11D3-BF4B-00C04F79EFBC}") = "EarlyGameTweaks", "EarlyGameTweaks\EarlyGameTweaks.csproj", "{BA4B8DF2-42DD-45E8-951D-E566B31DF34C}"
EndProject
Project("{2150E333-8FDC-42A3-9474-1A3956D46DE8}") = "Solution Items", "Solution Items", "{1CCF5D0A-9D20-460B-961D-D7EEDD6B014A}"
	ProjectSection(SolutionItems) = preProject
		.editorconfig = .editorconfig
	EndProjectSection
EndProject
Global
	GlobalSection(SolutionConfigurationPlatforms) = preSolution
		Debug|Any CPU = Debug|Any CPU
		Debug|x64 = Debug|x64
		Release|Any CPU = Release|Any CPU
		Release|x64 = Release|x64
	EndGlobalSection
	GlobalSection(ProjectConfigurationPlatforms) = postSolution
		{BA4B8DF2-42DD-45E8-951D-E566B31DF34C}.Debug|Any CPU.ActiveCfg = Debug|Any CPU
		{BA4B8DF2-42DD-45E8-951D-E566B31DF34C}.Debug|Any CPU.Build.0 = Debug|Any CPU
		{BA4B8DF2-42DD-45E8-951D-E566B31DF34C}.Debug|x64.ActiveCfg = Debug|x64
		{BA4B8DF2-42DD-45E8-951D-E566B31DF34C}.Debug|x64.Build.0 = Debug|x64
		{BA4B8DF2-42DD-45E8-951D-E566B31DF34C}.Release|Any CPU.ActiveCfg = Release|Any CPU
		{BA4B8DF2-42DD-45E8-951D-E566B31DF34C}.Release|Any CPU.Build.0 = Release|Any CPU
		{BA4B8DF2-42DD-45E8-951D-E566B31DF34C}.Release|x64.ActiveCfg = Release|x64
		{BA4B8DF2-42DD-45E8-951D-E566B31DF34C}.Release|x64.Build.0 = Release|x64
	EndGlobalSection
	GlobalSection(SolutionProperties) = preSolution
		HideSolutionNode = FALSE
	EndGlobalSection
	GlobalSection(ExtensibilityGlobals) = postSolution
		SolutionGuid = {8FA15F83-F788-4EAC-9DE6-5CC0C18F6F60}
	EndGlobalSection
EndGlobal
